
Microsoft Visual Studio Solution File, Format Version 12.00
# Visual Studio Version 16
VisualStudioVersion = 16.0.31613.86
MinimumVisualStudioVersion = 10.0.40219.1
Project("{FAE04EC0-301F-11D3-BF4B-00C04F79EFBC}") = "Entidades", "Entidades\Entidades.csproj", "{000CF40E-F5EE-43BB-A3BE-837885B49181}"
EndProject
Global
	GlobalSection(SolutionConfigurationPlatforms) = preSolution
		Debug|Any CPU = Debug|Any CPU
		Release|Any CPU = Release|Any CPU
	EndGlobalSection
	GlobalSection(ProjectConfigurationPlatforms) = postSolution
		{000CF40E-F5EE-43BB-A3BE-837885B49181}.Debug|Any CPU.ActiveCfg = Debug|Any CPU
		{000CF40E-F5EE-43BB-A3BE-837885B49181}.Debug|Any CPU.Build.0 = Debug|Any CPU
		{000CF40E-F5EE-43BB-A3BE-837885B49181}.Release|Any CPU.ActiveCfg = Release|Any CPU
		{000CF40E-F5EE-43BB-A3BE-837885B49181}.Release|Any CPU.Build.0 = Release|Any CPU
	EndGlobalSection
	GlobalSection(SolutionProperties) = preSolution
		HideSolutionNode = FALSE
	EndGlobalSection
	GlobalSection(ExtensibilityGlobals) = postSolution
		SolutionGuid = {0D756060-F712-463A-A57A-AB545830FEBC}
	EndGlobalSection
EndGlobal
